
Microsoft Visual Studio Solution File, Format Version 12.00
# Visual Studio Version 17
VisualStudioVersion = 17.4.33103.184
MinimumVisualStudioVersion = 10.0.40219.1
Project("{FAE04EC0-301F-11D3-BF4B-00C04F79EFBC}") = "Webapi.inlock.CodeFirst", "Webapi.inlock.CodeFirst.csproj", "{F5CBB09E-7A72-4838-9A1B-0F81B1BC1C07}"
EndProject
Global
	GlobalSection(SolutionConfigurationPlatforms) = preSolution
		Debug|Any CPU = Debug|Any CPU
		Release|Any CPU = Release|Any CPU
	EndGlobalSection
	GlobalSection(ProjectConfigurationPlatforms) = postSolution
		{F5CBB09E-7A72-4838-9A1B-0F81B1BC1C07}.Debug|Any CPU.ActiveCfg = Debug|Any CPU
		{F5CBB09E-7A72-4838-9A1B-0F81B1BC1C07}.Debug|Any CPU.Build.0 = Debug|Any CPU
		{F5CBB09E-7A72-4838-9A1B-0F81B1BC1C07}.Release|Any CPU.ActiveCfg = Release|Any CPU
		{F5CBB09E-7A72-4838-9A1B-0F81B1BC1C07}.Release|Any CPU.Build.0 = Release|Any CPU
	EndGlobalSection
	GlobalSection(SolutionProperties) = preSolution
		HideSolutionNode = FALSE
	EndGlobalSection
	GlobalSection(ExtensibilityGlobals) = postSolution
		SolutionGuid = {422A222E-7BCE-4A89-AFCC-46C7D0134779}
	EndGlobalSection
EndGlobal
