
Microsoft Visual Studio Solution File, Format Version 12.00
# Visual Studio Version 17
VisualStudioVersion = 17.4.33103.184
MinimumVisualStudioVersion = 10.0.40219.1
Project("{FAE04EC0-301F-11D3-BF4B-00C04F79EFBC}") = "webapi.filmes.tarde", "webapi.filmes.tarde.csproj", "{6342C4C2-3B8B-40CF-995A-F1FC54F242FC}"
EndProject
Global
	GlobalSection(SolutionConfigurationPlatforms) = preSolution
		Debug|Any CPU = Debug|Any CPU
		Release|Any CPU = Release|Any CPU
	EndGlobalSection
	GlobalSection(ProjectConfigurationPlatforms) = postSolution
		{6342C4C2-3B8B-40CF-995A-F1FC54F242FC}.Debug|Any CPU.ActiveCfg = Debug|Any CPU
		{6342C4C2-3B8B-40CF-995A-F1FC54F242FC}.Debug|Any CPU.Build.0 = Debug|Any CPU
		{6342C4C2-3B8B-40CF-995A-F1FC54F242FC}.Release|Any CPU.ActiveCfg = Release|Any CPU
		{6342C4C2-3B8B-40CF-995A-F1FC54F242FC}.Release|Any CPU.Build.0 = Release|Any CPU
	EndGlobalSection
	GlobalSection(SolutionProperties) = preSolution
		HideSolutionNode = FALSE
	EndGlobalSection
	GlobalSection(ExtensibilityGlobals) = postSolution
		SolutionGuid = {1C0A7118-7A05-4273-9845-B133DDD90423}
	EndGlobalSection
EndGlobal
